// !$*UTF8*$!
{
	archiveVersion = 1;
	classes = {
	};
	objectVersion = 46;
	objects = {

/* Begin PBXBuildFile section */
		5B124B4F30A9D655F3ECF2C2 /* libPods.a in Frameworks */ = {isa = PBXBuildFile; fileRef = A3D15671D5A5AE59B02C7327 /* libPods.a */; };
		838398FE1C4D4240004932F8 /* OpenAL.framework in Frameworks */ = {isa = PBXBuildFile; fileRef = 838398FD1C4D4240004932F8 /* OpenAL.framework */; };
		838399001C4D4310004932F8 /* main.rb in Resources */ = {isa = PBXBuildFile; fileRef = 838398FF1C4D4310004932F8 /* main.rb */; };
		83BD48261C1D28600033477E /* main.m in Sources */ = {isa = PBXBuildFile; fileRef = 83BD48251C1D28600033477E /* main.m */; };
		83BD48281C1D28600033477E /* Assets.xcassets in Resources */ = {isa = PBXBuildFile; fileRef = 83BD48271C1D28600033477E /* Assets.xcassets */; };
		83BD482B1C1D28600033477E /* MainMenu.xib in Resources */ = {isa = PBXBuildFile; fileRef = 83BD48291C1D28600033477E /* MainMenu.xib */; };
/* End PBXBuildFile section */

/* Begin PBXFileReference section */
		4ABE6A86A9427B575A97BC5F /* Pods.release.xcconfig */ = {isa = PBXFileReference; includeInIndex = 1; lastKnownFileType = text.xcconfig; name = Pods.release.xcconfig; path = "Pods/Target Support Files/Pods/Pods.release.xcconfig"; sourceTree = "<group>"; };
		838398FD1C4D4240004932F8 /* OpenAL.framework */ = {isa = PBXFileReference; lastKnownFileType = wrapper.framework; name = OpenAL.framework; path = System/Library/Frameworks/OpenAL.framework; sourceTree = SDKROOT; };
		838398FF1C4D4310004932F8 /* main.rb */ = {isa = PBXFileReference; fileEncoding = 4; lastKnownFileType = text.script.ruby; name = main.rb; path = ../../TTT/TTT/main.rb; sourceTree = "<group>"; };
		83BD481E1C1D28600033477E /* ReflexionDemo_OSX.app */ = {isa = PBXFileReference; explicitFileType = wrapper.application; includeInIndex = 0; path = ReflexionDemo_OSX.app; sourceTree = BUILT_PRODUCTS_DIR; };
		83BD48251C1D28600033477E /* main.m */ = {isa = PBXFileReference; lastKnownFileType = sourcecode.c.objc; path = main.m; sourceTree = "<group>"; };
		83BD48271C1D28600033477E /* Assets.xcassets */ = {isa = PBXFileReference; lastKnownFileType = folder.assetcatalog; path = Assets.xcassets; sourceTree = "<group>"; };
		83BD482A1C1D28600033477E /* Base */ = {isa = PBXFileReference; lastKnownFileType = file.xib; name = Base; path = Base.lproj/MainMenu.xib; sourceTree = "<group>"; };
		83BD482C1C1D28600033477E /* Info.plist */ = {isa = PBXFileReference; lastKnownFileType = text.plist.xml; path = Info.plist; sourceTree = "<group>"; };
		A3D15671D5A5AE59B02C7327 /* libPods.a */ = {isa = PBXFileReference; explicitFileType = archive.ar; includeInIndex = 0; path = libPods.a; sourceTree = BUILT_PRODUCTS_DIR; };
		A553B001A2F095C717F31981 /* Pods.debug.xcconfig */ = {isa = PBXFileReference; includeInIndex = 1; lastKnownFileType = text.xcconfig; name = Pods.debug.xcconfig; path = "Pods/Target Support Files/Pods/Pods.debug.xcconfig"; sourceTree = "<group>"; };
/* End PBXFileReference section */

/* Begin PBXFrameworksBuildPhase section */
		83BD481B1C1D285F0033477E /* Frameworks */ = {
			isa = PBXFrameworksBuildPhase;
			buildActionMask = 2147483647;
			files = (
				838398FE1C4D4240004932F8 /* OpenAL.framework in Frameworks */,
				5B124B4F30A9D655F3ECF2C2 /* libPods.a in Frameworks */,
			);
			runOnlyForDeploymentPostprocessing = 0;
		};
/* End PBXFrameworksBuildPhase section */

/* Begin PBXGroup section */
		83BD48151C1D285F0033477E = {
			isa = PBXGroup;
			children = (
				83BD48201C1D28600033477E /* ReflexionDemo_OSX */,
				83BD481F1C1D28600033477E /* Products */,
				FBE0C64F0CE1E8551CEE2591 /* Pods */,
				CD5C56F30B1A1704600F990A /* Frameworks */,
			);
			sourceTree = "<group>";
		};
		83BD481F1C1D28600033477E /* Products */ = {
			isa = PBXGroup;
			children = (
				83BD481E1C1D28600033477E /* ReflexionDemo_OSX.app */,
			);
			name = Products;
			sourceTree = "<group>";
		};
		83BD48201C1D28600033477E /* ReflexionDemo_OSX */ = {
			isa = PBXGroup;
			children = (
				838398FF1C4D4310004932F8 /* main.rb */,
				83BD48271C1D28600033477E /* Assets.xcassets */,
				83BD48291C1D28600033477E /* MainMenu.xib */,
				83BD482C1C1D28600033477E /* Info.plist */,
				83BD48241C1D28600033477E /* Supporting Files */,
			);
			path = ReflexionDemo_OSX;
			sourceTree = "<group>";
		};
		83BD48241C1D28600033477E /* Supporting Files */ = {
			isa = PBXGroup;
			children = (
				83BD48251C1D28600033477E /* main.m */,
			);
			name = "Supporting Files";
			sourceTree = "<group>";
		};
		CD5C56F30B1A1704600F990A /* Frameworks */ = {
			isa = PBXGroup;
			children = (
				838398FD1C4D4240004932F8 /* OpenAL.framework */,
				A3D15671D5A5AE59B02C7327 /* libPods.a */,
			);
			name = Frameworks;
			sourceTree = "<group>";
		};
		FBE0C64F0CE1E8551CEE2591 /* Pods */ = {
			isa = PBXGroup;
			children = (
				A553B001A2F095C717F31981 /* Pods.debug.xcconfig */,
				4ABE6A86A9427B575A97BC5F /* Pods.release.xcconfig */,
			);
			name = Pods;
			sourceTree = "<group>";
		};
/* End PBXGroup section */

/* Begin PBXNativeTarget section */
		83BD481D1C1D285F0033477E /* ReflexionDemo_OSX */ = {
			isa = PBXNativeTarget;
			buildConfigurationList = 83BD482F1C1D28600033477E /* Build configuration list for PBXNativeTarget "ReflexionDemo_OSX" */;
			buildPhases = (
				48271489C72E118B1253A8E1 /* Check Pods Manifest.lock */,
				83BD481A1C1D285F0033477E /* Sources */,
				83BD481B1C1D285F0033477E /* Frameworks */,
				83BD481C1C1D285F0033477E /* Resources */,
				FF1793A7FBAF57DC69065E6D /* Copy Pods Resources */,
			);
			buildRules = (
			);
			dependencies = (
			);
			name = ReflexionDemo_OSX;
			productName = ReflexionDemo_OSX;
			productReference = 83BD481E1C1D28600033477E /* ReflexionDemo_OSX.app */;
			productType = "com.apple.product-type.application";
		};
/* End PBXNativeTarget section */

/* Begin PBXProject section */
		83BD48161C1D285F0033477E /* Project object */ = {
			isa = PBXProject;
			attributes = {
				LastUpgradeCheck = 0720;
				ORGANIZATIONNAME = xord.org;
				TargetAttributes = {
					83BD481D1C1D285F0033477E = {
						CreatedOnToolsVersion = 7.2;
					};
				};
			};
			buildConfigurationList = 83BD48191C1D285F0033477E /* Build configuration list for PBXProject "ReflexionDemo_OSX" */;
			compatibilityVersion = "Xcode 3.2";
			developmentRegion = English;
			hasScannedForEncodings = 0;
			knownRegions = (
				en,
				Base,
			);
			mainGroup = 83BD48151C1D285F0033477E;
			productRefGroup = 83BD481F1C1D28600033477E /* Products */;
			projectDirPath = "";
			projectRoot = "";
			targets = (
				83BD481D1C1D285F0033477E /* ReflexionDemo_OSX */,
			);
		};
/* End PBXProject section */

/* Begin PBXResourcesBuildPhase section */
		83BD481C1C1D285F0033477E /* Resources */ = {
			isa = PBXResourcesBuildPhase;
			buildActionMask = 2147483647;
			files = (
				838399001C4D4310004932F8 /* main.rb in Resources */,
				83BD48281C1D28600033477E /* Assets.xcassets in Resources */,
				83BD482B1C1D28600033477E /* MainMenu.xib in Resources */,
			);
			runOnlyForDeploymentPostprocessing = 0;
		};
/* End PBXResourcesBuildPhase section */

/* Begin PBXShellScriptBuildPhase section */
		48271489C72E118B1253A8E1 /* Check Pods Manifest.lock */ = {
			isa = PBXShellScriptBuildPhase;
			buildActionMask = 2147483647;
			files = (
			);
			inputPaths = (
			);
			name = "Check Pods Manifest.lock";
			outputPaths = (
			);
			runOnlyForDeploymentPostprocessing = 0;
			shellPath = /bin/sh;
			shellScript = "diff \"${PODS_ROOT}/../Podfile.lock\" \"${PODS_ROOT}/Manifest.lock\" > /dev/null\nif [[ $? != 0 ]] ; then\n    cat << EOM\nerror: The sandbox is not in sync with the Podfile.lock. Run 'pod install' or update your CocoaPods installation.\nEOM\n    exit 1\nfi\n";
			showEnvVarsInLog = 0;
		};
		FF1793A7FBAF57DC69065E6D /* Copy Pods Resources */ = {
			isa = PBXShellScriptBuildPhase;
			buildActionMask = 2147483647;
			files = (
			);
			inputPaths = (
			);
			name = "Copy Pods Resources";
			outputPaths = (
			);
			runOnlyForDeploymentPostprocessing = 0;
			shellPath = /bin/sh;
			shellScript = "\"${SRCROOT}/Pods/Target Support Files/Pods/Pods-resources.sh\"\n";
			showEnvVarsInLog = 0;
		};
/* End PBXShellScriptBuildPhase section */

/* Begin PBXSourcesBuildPhase section */
		83BD481A1C1D285F0033477E /* Sources */ = {
			isa = PBXSourcesBuildPhase;
			buildActionMask = 2147483647;
			files = (
				83BD48261C1D28600033477E /* main.m in Sources */,
			);
			runOnlyForDeploymentPostprocessing = 0;
		};
/* End PBXSourcesBuildPhase section */

/* Begin PBXVariantGroup section */
		83BD48291C1D28600033477E /* MainMenu.xib */ = {
			isa = PBXVariantGroup;
			children = (
				83BD482A1C1D28600033477E /* Base */,
			);
			name = MainMenu.xib;
			sourceTree = "<group>";
		};
/* End PBXVariantGroup section */

/* Begin XCBuildConfiguration section */
		83BD482D1C1D28600033477E /* Debug */ = {
			isa = XCBuildConfiguration;
			buildSettings = {
				ALWAYS_SEARCH_USER_PATHS = NO;
				CLANG_CXX_LANGUAGE_STANDARD = "gnu++0x";
				CLANG_CXX_LIBRARY = "libc++";
				CLANG_ENABLE_MODULES = YES;
				CLANG_ENABLE_OBJC_ARC = YES;
				CLANG_WARN_BOOL_CONVERSION = YES;
				CLANG_WARN_CONSTANT_CONVERSION = YES;
				CLANG_WARN_DIRECT_OBJC_ISA_USAGE = YES_ERROR;
				CLANG_WARN_EMPTY_BODY = YES;
				CLANG_WARN_ENUM_CONVERSION = YES;
				CLANG_WARN_INT_CONVERSION = YES;
				CLANG_WARN_OBJC_ROOT_CLASS = YES_ERROR;
				CLANG_WARN_UNREACHABLE_CODE = YES;
				CLANG_WARN__DUPLICATE_METHOD_MATCH = YES;
				CODE_SIGN_IDENTITY = "-";
				COPY_PHASE_STRIP = NO;
				DEBUG_INFORMATION_FORMAT = dwarf;
				ENABLE_STRICT_OBJC_MSGSEND = YES;
				ENABLE_TESTABILITY = YES;
				GCC_C_LANGUAGE_STANDARD = gnu99;
				GCC_DYNAMIC_NO_PIC = NO;
				GCC_NO_COMMON_BLOCKS = YES;
				GCC_OPTIMIZATION_LEVEL = 0;
				GCC_PREPROCESSOR_DEFINITIONS = (
					"DEBUG=1",
					"$(inherited)",
				);
				GCC_WARN_64_TO_32_BIT_CONVERSION = YES;
				GCC_WARN_ABOUT_RETURN_TYPE = YES_ERROR;
				GCC_WARN_UNDECLARED_SELECTOR = YES;
				GCC_WARN_UNINITIALIZED_AUTOS = YES_AGGRESSIVE;
				GCC_WARN_UNUSED_FUNCTION = YES;
				GCC_WARN_UNUSED_VARIABLE = YES;
				MACOSX_DEPLOYMENT_TARGET = 10.10;
				MTL_ENABLE_DEBUG_INFO = YES;
				ONLY_ACTIVE_ARCH = YES;
				SDKROOT = macosx;
			};
			name = Debug;
		};
		83BD482E1C1D28600033477E /* Release */ = {
			isa = XCBuildConfiguration;
			buildSettings = {
				ALWAYS_SEARCH_USER_PATHS = NO;
				CLANG_CXX_LANGUAGE_STANDARD = "gnu++0x";
				CLANG_CXX_LIBRARY = "libc++";
				CLANG_ENABLE_MODULES = YES;
				CLANG_ENABLE_OBJC_ARC = YES;
				CLANG_WARN_BOOL_CONVERSION = YES;
				CLANG_WARN_CONSTANT_CONVERSION = YES;
				CLANG_WARN_DIRECT_OBJC_ISA_USAGE = YES_ERROR;
				CLANG_WARN_EMPTY_BODY = YES;
				CLANG_WARN_ENUM_CONVERSION = YES;
				CLANG_WARN_INT_CONVERSION = YES;
				CLANG_WARN_OBJC_ROOT_CLASS = YES_ERROR;
				CLANG_WARN_UNREACHABLE_CODE = YES;
				CLANG_WARN__DUPLICATE_METHOD_MATCH = YES;
				CODE_SIGN_IDENTITY = "-";
				COPY_PHASE_STRIP = NO;
				DEBUG_INFORMATION_FORMAT = "dwarf-with-dsym";
				ENABLE_NS_ASSERTIONS = NO;
				ENABLE_STRICT_OBJC_MSGSEND = YES;
				GCC_C_LANGUAGE_STANDARD = gnu99;
				GCC_NO_COMMON_BLOCKS = YES;
				GCC_WARN_64_TO_32_BIT_CONVERSION = YES;
				GCC_WARN_ABOUT_RETURN_TYPE = YES_ERROR;
				GCC_WARN_UNDECLARED_SELECTOR = YES;
				GCC_WARN_UNINITIALIZED_AUTOS = YES_AGGRESSIVE;
				GCC_WARN_UNUSED_FUNCTION = YES;
				GCC_WARN_UNUSED_VARIABLE = YES;
				MACOSX_DEPLOYMENT_TARGET = 10.10;
				MTL_ENABLE_DEBUG_INFO = NO;
				SDKROOT = macosx;
			};
			name = Release;
		};
		83BD48301C1D28600033477E /* Debug */ = {
			isa = XCBuildConfiguration;
			baseConfigurationReference = A553B001A2F095C717F31981 /* Pods.debug.xcconfig */;
			buildSettings = {
				ASSETCATALOG_COMPILER_APPICON_NAME = AppIcon;
				COMBINE_HIDPI_IMAGES = YES;
				INFOPLIST_FILE = ReflexionDemo_OSX/Info.plist;
				LD_RUNPATH_SEARCH_PATHS = "$(inherited) @executable_path/../Frameworks";
				MACOSX_DEPLOYMENT_TARGET = 10.10;
				PRODUCT_BUNDLE_IDENTIFIER = "org.xord.ReflexionDemo-OSX";
				PRODUCT_NAME = "$(TARGET_NAME)";
			};
			name = Debug;
		};
		83BD48311C1D28600033477E /* Release */ = {
			isa = XCBuildConfiguration;
			baseConfigurationReference = 4ABE6A86A9427B575A97BC5F /* Pods.release.xcconfig */;
			buildSettings = {
				ASSETCATALOG_COMPILER_APPICON_NAME = AppIcon;
				COMBINE_HIDPI_IMAGES = YES;
				INFOPLIST_FILE = ReflexionDemo_OSX/Info.plist;
				LD_RUNPATH_SEARCH_PATHS = "$(inherited) @executable_path/../Frameworks";
				MACOSX_DEPLOYMENT_TARGET = 10.10;
				PRODUCT_BUNDLE_IDENTIFIER = "org.xord.ReflexionDemo-OSX";
				PRODUCT_NAME = "$(TARGET_NAME)";
			};
			name = Release;
		};
/* End XCBuildConfiguration section */

/* Begin XCConfigurationList section */
		83BD48191C1D285F0033477E /* Build configuration list for PBXProject "ReflexionDemo_OSX" */ = {
			isa = XCConfigurationList;
			buildConfigurations = (
				83BD482D1C1D28600033477E /* Debug */,
				83BD482E1C1D28600033477E /* Release */,
			);
			defaultConfigurationIsVisible = 0;
			defaultConfigurationName = Release;
		};
		83BD482F1C1D28600033477E /* Build configuration list for PBXNativeTarget "ReflexionDemo_OSX" */ = {
			isa = XCConfigurationList;
			buildConfigurations = (
				83BD48301C1D28600033477E /* Debug */,
				83BD48311C1D28600033477E /* Release */,
			);
			defaultConfigurationIsVisible = 0;
			defaultConfigurationName = Release;
		};
/* End XCConfigurationList section */
	};
	rootObject = 83BD48161C1D285F0033477E /* Project object */;
}
